
Microsoft Visual Studio Solution File, Format Version 12.00
Project("{FAE04EC0-301F-11D3-BF4B-00C04F79EFBC}") = "Cw3", "Cw3\Cw3.csproj", "{CCD7DEB2-0BCD-4949-9AA2-BA84B4ADACD9}"
EndProject
Global
	GlobalSection(SolutionConfigurationPlatforms) = preSolution
		Debug|Any CPU = Debug|Any CPU
		Release|Any CPU = Release|Any CPU
	EndGlobalSection
	GlobalSection(ProjectConfigurationPlatforms) = postSolution
		{CCD7DEB2-0BCD-4949-9AA2-BA84B4ADACD9}.Debug|Any CPU.ActiveCfg = Debug|Any CPU
		{CCD7DEB2-0BCD-4949-9AA2-BA84B4ADACD9}.Debug|Any CPU.Build.0 = Debug|Any CPU
		{CCD7DEB2-0BCD-4949-9AA2-BA84B4ADACD9}.Release|Any CPU.ActiveCfg = Release|Any CPU
		{CCD7DEB2-0BCD-4949-9AA2-BA84B4ADACD9}.Release|Any CPU.Build.0 = Release|Any CPU
	EndGlobalSection
EndGlobal
